
Microsoft Visual Studio Solution File, Format Version 12.00
# Visual Studio Version 17
VisualStudioVersion = 17.0.31903.59
MinimumVisualStudioVersion = 10.0.40219.1
Project("{2150E333-8FDC-42A3-9474-1A3956D46DE8}") = "src", "src", "{7F19AD22-8ED8-4CC1-95ED-3C0333843BC9}"
EndProject
Project("{FAE04EC0-301F-11D3-BF4B-00C04F79EFBC}") = "GuessGame", "GuessGame\GuessGame.csproj", "{EAF8FFA8-AA83-4CD6-AE62-6DB7E2AE4321}"
EndProject
Project("{FAE04EC0-301F-11D3-BF4B-00C04F79EFBC}") = "GuessGame.Gui", "GuessGame.Gui\GuessGame.Gui.csproj", "{44302943-8BE0-4658-909B-B3CABEA68EE0}"
EndProject
Global
	GlobalSection(SolutionConfigurationPlatforms) = preSolution
		Debug|Any CPU = Debug|Any CPU
		Release|Any CPU = Release|Any CPU
	EndGlobalSection
	GlobalSection(SolutionProperties) = preSolution
		HideSolutionNode = FALSE
	EndGlobalSection
	GlobalSection(ProjectConfigurationPlatforms) = postSolution
                {EAF8FFA8-AA83-4CD6-AE62-6DB7E2AE4321}.Debug|Any CPU.ActiveCfg = Debug|Any CPU
                {EAF8FFA8-AA83-4CD6-AE62-6DB7E2AE4321}.Debug|Any CPU.Build.0 = Debug|Any CPU
                {EAF8FFA8-AA83-4CD6-AE62-6DB7E2AE4321}.Release|Any CPU.ActiveCfg = Release|Any CPU
                {EAF8FFA8-AA83-4CD6-AE62-6DB7E2AE4321}.Release|Any CPU.Build.0 = Release|Any CPU
                {44302943-8BE0-4658-909B-B3CABEA68EE0}.Debug|Any CPU.ActiveCfg = Debug|Any CPU
                {44302943-8BE0-4658-909B-B3CABEA68EE0}.Debug|Any CPU.Build.0 = Debug|Any CPU
                {44302943-8BE0-4658-909B-B3CABEA68EE0}.Release|Any CPU.ActiveCfg = Release|Any CPU
                {44302943-8BE0-4658-909B-B3CABEA68EE0}.Release|Any CPU.Build.0 = Release|Any CPU
        EndGlobalSection
        GlobalSection(NestedProjects) = preSolution
                {EAF8FFA8-AA83-4CD6-AE62-6DB7E2AE4321} = {7F19AD22-8ED8-4CC1-95ED-3C0333843BC9}
                {44302943-8BE0-4658-909B-B3CABEA68EE0} = {7F19AD22-8ED8-4CC1-95ED-3C0333843BC9}
        EndGlobalSection
EndGlobal